
Microsoft Visual Studio Solution File, Format Version 12.00
# Visual Studio Version 17
VisualStudioVersion = 17.6.33829.357
MinimumVisualStudioVersion = 10.0.40219.1
Project("{FAE04EC0-301F-11D3-BF4B-00C04F79EFBC}") = "CleanArchitectureConcept-API", "CleanArchitectureConcept-API\CleanArchitectureConcept-API.csproj", "{F383B60F-EE92-4E25-BFCB-1B66AC140B74}"
EndProject
Project("{FAE04EC0-301F-11D3-BF4B-00C04F79EFBC}") = "CleanArchitectureConcept-Domain", "CleanArchitectureConcept-Domain\CleanArchitectureConcept-Domain.csproj", "{8B753EAB-502D-49A7-9FF0-05BD68777355}"
EndProject
Project("{FAE04EC0-301F-11D3-BF4B-00C04F79EFBC}") = "CleanArchitectureConcept-Application", "CleanArchitectureConcept-Application\CleanArchitectureConcept-Application.csproj", "{51BBD9BF-AD42-4DD1-BE4A-18B18DF50CE9}"
EndProject
Project("{FAE04EC0-301F-11D3-BF4B-00C04F79EFBC}") = "CleanArchitectureConcept-Infrastructure", "CleanArchitectureConcept-Infrastructure\CleanArchitectureConcept-Infrastructure.csproj", "{0DB70A6F-78F9-43DE-BABC-17918D2C380B}"
EndProject
Project("{FAE04EC0-301F-11D3-BF4B-00C04F79EFBC}") = "CleanArchitectureConcept-Test", "CleanArchitectureConcept-Test\CleanArchitectureConcept-Test.csproj", "{244A458F-8616-41D7-A9CD-2B053874B8EE}"
EndProject
Global
	GlobalSection(SolutionConfigurationPlatforms) = preSolution
		Debug|Any CPU = Debug|Any CPU
		Release|Any CPU = Release|Any CPU
	EndGlobalSection
	GlobalSection(ProjectConfigurationPlatforms) = postSolution
		{F383B60F-EE92-4E25-BFCB-1B66AC140B74}.Debug|Any CPU.ActiveCfg = Debug|Any CPU
		{F383B60F-EE92-4E25-BFCB-1B66AC140B74}.Debug|Any CPU.Build.0 = Debug|Any CPU
		{F383B60F-EE92-4E25-BFCB-1B66AC140B74}.Release|Any CPU.ActiveCfg = Release|Any CPU
		{F383B60F-EE92-4E25-BFCB-1B66AC140B74}.Release|Any CPU.Build.0 = Release|Any CPU
		{8B753EAB-502D-49A7-9FF0-05BD68777355}.Debug|Any CPU.ActiveCfg = Debug|Any CPU
		{8B753EAB-502D-49A7-9FF0-05BD68777355}.Debug|Any CPU.Build.0 = Debug|Any CPU
		{8B753EAB-502D-49A7-9FF0-05BD68777355}.Release|Any CPU.ActiveCfg = Release|Any CPU
		{8B753EAB-502D-49A7-9FF0-05BD68777355}.Release|Any CPU.Build.0 = Release|Any CPU
		{51BBD9BF-AD42-4DD1-BE4A-18B18DF50CE9}.Debug|Any CPU.ActiveCfg = Debug|Any CPU
		{51BBD9BF-AD42-4DD1-BE4A-18B18DF50CE9}.Debug|Any CPU.Build.0 = Debug|Any CPU
		{51BBD9BF-AD42-4DD1-BE4A-18B18DF50CE9}.Release|Any CPU.ActiveCfg = Release|Any CPU
		{51BBD9BF-AD42-4DD1-BE4A-18B18DF50CE9}.Release|Any CPU.Build.0 = Release|Any CPU
		{0DB70A6F-78F9-43DE-BABC-17918D2C380B}.Debug|Any CPU.ActiveCfg = Debug|Any CPU
		{0DB70A6F-78F9-43DE-BABC-17918D2C380B}.Debug|Any CPU.Build.0 = Debug|Any CPU
		{0DB70A6F-78F9-43DE-BABC-17918D2C380B}.Release|Any CPU.ActiveCfg = Release|Any CPU
		{0DB70A6F-78F9-43DE-BABC-17918D2C380B}.Release|Any CPU.Build.0 = Release|Any CPU
		{244A458F-8616-41D7-A9CD-2B053874B8EE}.Debug|Any CPU.ActiveCfg = Debug|Any CPU
		{244A458F-8616-41D7-A9CD-2B053874B8EE}.Debug|Any CPU.Build.0 = Debug|Any CPU
		{244A458F-8616-41D7-A9CD-2B053874B8EE}.Release|Any CPU.ActiveCfg = Release|Any CPU
		{244A458F-8616-41D7-A9CD-2B053874B8EE}.Release|Any CPU.Build.0 = Release|Any CPU
	EndGlobalSection
	GlobalSection(SolutionProperties) = preSolution
		HideSolutionNode = FALSE
	EndGlobalSection
	GlobalSection(ExtensibilityGlobals) = postSolution
		SolutionGuid = {FC2B15F5-F822-44AF-AF6A-79377A7386A6}
	EndGlobalSection
EndGlobal
